
Microsoft Visual Studio Solution File, Format Version 12.00
# Visual Studio Version 16
VisualStudioVersion = 16.0.31727.386
MinimumVisualStudioVersion = 10.0.40219.1
Project("{FAE04EC0-301F-11D3-BF4B-00C04F79EFBC}") = "Exercise01", "Exercise01\Exercise01.csproj", "{8ECD4BD6-7E16-4901-B645-C1212DB4093B}"
EndProject
Project("{2150E333-8FDC-42A3-9474-1A3956D46DE8}") = "Ex01_VSInstall", "Ex01_VSInstall", "{09977C26-F04E-4BF4-855B-E39F113E6A59}"
EndProject
Project("{2150E333-8FDC-42A3-9474-1A3956D46DE8}") = "Ex02_FirstProgram", "Ex02_FirstProgram", "{EA585271-6C78-4DFA-8100-6798217A088F}"
EndProject
Project("{2150E333-8FDC-42A3-9474-1A3956D46DE8}") = "Ex03_UslovnieOp", "Ex03_UslovnieOp", "{731613A2-A138-4FCF-BD65-821E09A79A43}"
EndProject
Project("{2150E333-8FDC-42A3-9474-1A3956D46DE8}") = "Ex04_Cycles", "Ex04_Cycles", "{AB4EA02F-2D66-4010-B2A7-9E3D7359D52C}"
EndProject
Project("{2150E333-8FDC-42A3-9474-1A3956D46DE8}") = "Ex05_Arrays", "Ex05_Arrays", "{68952E9F-30D9-48BF-A895-DFE37340E6A3}"
EndProject
Project("{2150E333-8FDC-42A3-9474-1A3956D46DE8}") = "Ex06_Strings", "Ex06_Strings", "{E661E741-E815-468B-9CFB-85161A4E2954}"
EndProject
Project("{2150E333-8FDC-42A3-9474-1A3956D46DE8}") = "Ex07_Metods", "Ex07_Metods", "{D7A9AC6E-FE43-4193-A99B-D18AEC8E452E}"
EndProject
Project("{2150E333-8FDC-42A3-9474-1A3956D46DE8}") = "Ex08_FileSystem", "Ex08_FileSystem", "{A0F568C6-3A94-4FDF-9AE6-1866FA7230D3}"
EndProject
Project("{2150E333-8FDC-42A3-9474-1A3956D46DE8}") = "Ex09_Exceptions", "Ex09_Exceptions", "{8F34D2D7-194E-4704-A12E-5A7FC10440A5}"
EndProject
Project("{2150E333-8FDC-42A3-9474-1A3956D46DE8}") = "Ex10_Classes", "Ex10_Classes", "{764A06CC-0D08-49C7-89BC-6E6E3E708AF6}"
EndProject
Project("{2150E333-8FDC-42A3-9474-1A3956D46DE8}") = "Ex11_Struct", "Ex11_Struct", "{B8729A96-967E-405E-A984-3939C24E0E85}"
EndProject
Project("{2150E333-8FDC-42A3-9474-1A3956D46DE8}") = "Ex12_Static", "Ex12_Static", "{8E48EA12-730C-4787-B9BA-E5FB8BD36912}"
EndProject
Project("{2150E333-8FDC-42A3-9474-1A3956D46DE8}") = "Ex13_Nasledovanie", "Ex13_Nasledovanie", "{70400110-1CDD-4A5E-9A88-A1BAC23549C1}"
EndProject
Project("{2150E333-8FDC-42A3-9474-1A3956D46DE8}") = "Ex14_AbstractСlasses", "Ex14_AbstractСlasses", "{43E2B129-438A-4B3C-8ED5-FCD26CB4454C}"
EndProject
Project("{FAE04EC0-301F-11D3-BF4B-00C04F79EFBC}") = "Exercise2", "Exercise02FirstPrg\FirstProgram\Exercise2.csproj", "{A1CD5949-AD67-457B-9953-6C9281F08574}"
EndProject
Project("{FAE04EC0-301F-11D3-BF4B-00C04F79EFBC}") = "Task1_Rectangle", "Exercise03UslovnieOp\Exercise3\Task1_Rectangle.csproj", "{94E3DBBF-2FEF-4CF1-8BC8-DA22F4ECF66E}"
EndProject
Project("{FAE04EC0-301F-11D3-BF4B-00C04F79EFBC}") = "Task2_A_B_C", "Exercise03UslovnieOp\Task2_A_B_C\Task2_A_B_C.csproj", "{BE8CBD7F-7508-49E2-B9CE-59EFF895AF40}"
EndProject
Project("{FAE04EC0-301F-11D3-BF4B-00C04F79EFBC}") = "Task3_Age_20_69", "Exercise03UslovnieOp\Task3_Age_20_69\Task3_Age_20_69.csproj", "{C2AA073F-DBE9-4A33-819C-3AAAE20199FE}"
EndProject
Project("{FAE04EC0-301F-11D3-BF4B-00C04F79EFBC}") = "Task4_100-999", "Exercise03UslovnieOp\Task4_100-999\Task4_100-999.csproj", "{B15C5389-27CD-4A0D-BE11-EFBE5DE402B0}"
EndProject
Project("{FAE04EC0-301F-11D3-BF4B-00C04F79EFBC}") = "Part1Task", "Exercise04Cycles\Part1Task\Part1Task.csproj", "{4B6796F5-7B3F-4C24-BB19-D8C518762DEF}"
EndProject
Project("{FAE04EC0-301F-11D3-BF4B-00C04F79EFBC}") = "Part2Task", "Exercise04Cycles\Part2Task\Part2Task.csproj", "{2ED7992B-4E06-42C7-9841-C2C02B1C54A5}"
EndProject
Project("{FAE04EC0-301F-11D3-BF4B-00C04F79EFBC}") = "Part3Task", "Exercise04Cycles\Part3Task\Part3Task.csproj", "{18D9D958-7D04-49DD-A26D-02D7DD7E33C2}"
EndProject
Project("{FAE04EC0-301F-11D3-BF4B-00C04F79EFBC}") = "Task1ArrayMeanArith", "Exercise05Arrays\Task1\Task1ArrayMeanArith.csproj", "{D38BAFE9-21F3-45B4-8636-2668B50DD38F}"
EndProject
Project("{FAE04EC0-301F-11D3-BF4B-00C04F79EFBC}") = "Task2ArraySumMinMax", "Exercise05Arrays\Task2ArraySumMinMax\Task2ArraySumMinMax.csproj", "{D5EDB79C-AA7E-4771-BA9B-8543CE78608F}"
EndProject
Project("{FAE04EC0-301F-11D3-BF4B-00C04F79EFBC}") = "Task3ArraySortUpDown", "Exercise05Arrays\Task3ArraySortUpDown\Task3ArraySortUpDown.csproj", "{EA99095A-566A-4B1D-80F9-5995119CD06A}"
EndProject
Project("{FAE04EC0-301F-11D3-BF4B-00C04F79EFBC}") = "Task4ArraySummOdd", "Exercise05Arrays\Task4ArraySummOdd\Task4ArraySummOdd.csproj", "{5FE5E765-523D-4EC5-A0F7-588490F8CCD1}"
EndProject
Project("{FAE04EC0-301F-11D3-BF4B-00C04F79EFBC}") = "Task5ArrayNxN", "Exercise05Arrays\Task5ArrayNxN\Task5ArrayNxN.csproj", "{975934F9-93F6-4337-AB44-C843289CF22E}"
EndProject
Project("{FAE04EC0-301F-11D3-BF4B-00C04F79EFBC}") = "Task6ArrayMagic", "Exercise05Arrays\Task6ArrayMagic\Task6ArrayMagic.csproj", "{E64A593B-6C99-4EF3-83F2-F3375F65F3D3}"
EndProject
Project("{FAE04EC0-301F-11D3-BF4B-00C04F79EFBC}") = "Task1StringMazLength", "Exercise06Strings\Task1String\Task1StringMazLength.csproj", "{12821899-7911-4CFE-81F4-4BEFB110F214}"
EndProject
Project("{FAE04EC0-301F-11D3-BF4B-00C04F79EFBC}") = "Task2Palindrom", "Exercise06Strings\Task2Palindrom\Task2Palindrom.csproj", "{8475EA2F-F376-4946-BE0E-20D1332B1B42}"
EndProject
Project("{FAE04EC0-301F-11D3-BF4B-00C04F79EFBC}") = "Task3StringVSkobkah", "Exercise06Strings\Task3String{}\Task3StringVSkobkah.csproj", "{9987F6A7-3ABB-40E2-B76B-CCEA9693392A}"
EndProject
Project("{FAE04EC0-301F-11D3-BF4B-00C04F79EFBC}") = "MetodSTriangle", "Exercise07Metods\MetodSTriangle\MetodSTriangle.csproj", "{DCFFF33B-ACE1-4E26-8BEC-0A54B1DE7A16}"
EndProject
Project("{FAE04EC0-301F-11D3-BF4B-00C04F79EFBC}") = "MetosSandVCube", "Exercise07Metods\MetosSandVCube\MetosSandVCube.csproj", "{84103D8E-5EC7-4C53-986D-4859E271962E}"
EndProject
Project("{FAE04EC0-301F-11D3-BF4B-00C04F79EFBC}") = "DirectoryFound", "Exercise08FileSystem\Directory\DirectoryFound.csproj", "{7D83B269-43BC-4E0E-81EC-69E4C2212FE3}"
EndProject
Project("{FAE04EC0-301F-11D3-BF4B-00C04F79EFBC}") = "FileInfo", "Exercise08FileSystem\FileInfo\FileInfo.csproj", "{63189A0D-1C09-40CE-A7ED-2D06F077019B}"
EndProject
Project("{FAE04EC0-301F-11D3-BF4B-00C04F79EFBC}") = "CreatFile", "Exercise08FileSystem\FoldersAndFiles\CreatFile.csproj", "{E6A56DA8-30CE-443C-BDC6-D77D00F31B41}"
EndProject
Project("{FAE04EC0-301F-11D3-BF4B-00C04F79EFBC}") = "Calc", "Exercise09Exceptions\Exceptions\Calc.csproj", "{1963F437-5A9A-41BF-AB69-9DA4DEBA4F20}"
EndProject
Project("{FAE04EC0-301F-11D3-BF4B-00C04F79EFBC}") = "ClassToRadian", "Exercise10Classes\ClassToRadian\ClassToRadian.csproj", "{0BF0C522-F402-4DEB-A9ED-1D580E1D67BE}"
EndProject
Project("{FAE04EC0-301F-11D3-BF4B-00C04F79EFBC}") = "Exercise11Struct", "Exercise11Struct\Struct\Exercise11Struct.csproj", "{9B91DFC6-49BE-483B-AE69-C33A2A8CEF15}"
EndProject
Project("{FAE04EC0-301F-11D3-BF4B-00C04F79EFBC}") = "Exercise12Static", "Exercise12Static\Static\Exercise12Static.csproj", "{062E2B29-3838-45BE-99C3-C3AB330ED3A1}"
EndProject
Project("{FAE04EC0-301F-11D3-BF4B-00C04F79EFBC}") = "Exercise13Nasledovanie", "Exercise13Nasledovanie\Nasledovanie\Exercise13Nasledovanie.csproj", "{15073C2E-04E8-40D8-BFC5-113774548036}"
EndProject
Project("{FAE04EC0-301F-11D3-BF4B-00C04F79EFBC}") = "Exercise14AbstractСlasses", "Exercise14AbstractСlasses\AbstractСlasses\Exercise14AbstractСlasses.csproj", "{67770490-33BB-4342-A215-96E51A6FF8DA}"
EndProject
Project("{2150E333-8FDC-42A3-9474-1A3956D46DE8}") = "Ex15_Interfaces", "Ex15_Interfaces", "{61F2E840-924A-4036-B3E1-810848057DA5}"
EndProject
Project("{FAE04EC0-301F-11D3-BF4B-00C04F79EFBC}") = "Interfaces", "Exercise15Interfaces\Interfaces\Interfaces.csproj", "{CDDA6AC8-9821-45F4-B13B-DC324FC40D7F}"
EndProject
Project("{2150E333-8FDC-42A3-9474-1A3956D46DE8}") = "Ex16_Json", "Ex16_Json", "{977DB696-6BFB-44DA-A2B8-B2A29E90CD7E}"
EndProject
Project("{FAE04EC0-301F-11D3-BF4B-00C04F79EFBC}") = "JsonToFile", "Exercise16JSON\JsonToFile\JsonToFile.csproj", "{37FF70EA-FA39-43E3-9115-49D7D0E0272A}"
EndProject
Project("{FAE04EC0-301F-11D3-BF4B-00C04F79EFBC}") = "JsonFromFile", "Exercise16JSON\JsonFromFile\JsonFromFile.csproj", "{C537B0DA-8854-4AB1-A0FD-1FB210221B7E}"
EndProject
Project("{2150E333-8FDC-42A3-9474-1A3956D46DE8}") = "Ex17_Generics", "Ex17_Generics", "{CA71D18E-0A53-48A5-9985-92BBFBE3AE6B}"
EndProject
Project("{FAE04EC0-301F-11D3-BF4B-00C04F79EFBC}") = "Generics", "Exercise17Generics\Generics\Generics.csproj", "{0AF49DD2-305C-4F93-9583-8D9C9E4B6E8C}"
EndProject
Project("{2150E333-8FDC-42A3-9474-1A3956D46DE8}") = "Ex18_Collections", "Ex18_Collections", "{F5516E1B-4E7B-4F07-8B8D-B3BEF971E21F}"
EndProject
Project("{FAE04EC0-301F-11D3-BF4B-00C04F79EFBC}") = "CollectionStringInStack", "Exercise18Collections\CollectionStringInStack\CollectionStringInStack.csproj", "{9FBCAA4E-D63F-46AE-8023-B5251FDAD298}"
EndProject
Project("{2150E333-8FDC-42A3-9474-1A3956D46DE8}") = "Ex19_Linq", "Ex19_Linq", "{55508480-D3BB-4D47-8D3D-27D47E97CC7A}"
EndProject
Project("{FAE04EC0-301F-11D3-BF4B-00C04F79EFBC}") = "LINQ", "Exercise19Linq\LINQ\LINQ.csproj", "{9EE683FC-F88A-4B60-8184-11C878E3C5F5}"
EndProject
Project("{2150E333-8FDC-42A3-9474-1A3956D46DE8}") = "Ex20_Delegate", "Ex20_Delegate", "{D0C88434-8EE5-41F3-BC84-FDCA7193B9E5}"
EndProject
Project("{FAE04EC0-301F-11D3-BF4B-00C04F79EFBC}") = "Delegate", "Exercise20Delegate\Delegate\Delegate.csproj", "{0820D97A-B4A8-41D2-8931-6E963D078EE9}"
EndProject
Global
	GlobalSection(SolutionConfigurationPlatforms) = preSolution
		Debug|Any CPU = Debug|Any CPU
		Release|Any CPU = Release|Any CPU
	EndGlobalSection
	GlobalSection(ProjectConfigurationPlatforms) = postSolution
		{8ECD4BD6-7E16-4901-B645-C1212DB4093B}.Debug|Any CPU.ActiveCfg = Debug|Any CPU
		{8ECD4BD6-7E16-4901-B645-C1212DB4093B}.Debug|Any CPU.Build.0 = Debug|Any CPU
		{8ECD4BD6-7E16-4901-B645-C1212DB4093B}.Release|Any CPU.ActiveCfg = Release|Any CPU
		{8ECD4BD6-7E16-4901-B645-C1212DB4093B}.Release|Any CPU.Build.0 = Release|Any CPU
		{A1CD5949-AD67-457B-9953-6C9281F08574}.Debug|Any CPU.ActiveCfg = Debug|Any CPU
		{A1CD5949-AD67-457B-9953-6C9281F08574}.Debug|Any CPU.Build.0 = Debug|Any CPU
		{A1CD5949-AD67-457B-9953-6C9281F08574}.Release|Any CPU.ActiveCfg = Release|Any CPU
		{A1CD5949-AD67-457B-9953-6C9281F08574}.Release|Any CPU.Build.0 = Release|Any CPU
		{94E3DBBF-2FEF-4CF1-8BC8-DA22F4ECF66E}.Debug|Any CPU.ActiveCfg = Debug|Any CPU
		{94E3DBBF-2FEF-4CF1-8BC8-DA22F4ECF66E}.Debug|Any CPU.Build.0 = Debug|Any CPU
		{94E3DBBF-2FEF-4CF1-8BC8-DA22F4ECF66E}.Release|Any CPU.ActiveCfg = Release|Any CPU
		{94E3DBBF-2FEF-4CF1-8BC8-DA22F4ECF66E}.Release|Any CPU.Build.0 = Release|Any CPU
		{BE8CBD7F-7508-49E2-B9CE-59EFF895AF40}.Debug|Any CPU.ActiveCfg = Debug|Any CPU
		{BE8CBD7F-7508-49E2-B9CE-59EFF895AF40}.Debug|Any CPU.Build.0 = Debug|Any CPU
		{BE8CBD7F-7508-49E2-B9CE-59EFF895AF40}.Release|Any CPU.ActiveCfg = Release|Any CPU
		{BE8CBD7F-7508-49E2-B9CE-59EFF895AF40}.Release|Any CPU.Build.0 = Release|Any CPU
		{C2AA073F-DBE9-4A33-819C-3AAAE20199FE}.Debug|Any CPU.ActiveCfg = Debug|Any CPU
		{C2AA073F-DBE9-4A33-819C-3AAAE20199FE}.Debug|Any CPU.Build.0 = Debug|Any CPU
		{C2AA073F-DBE9-4A33-819C-3AAAE20199FE}.Release|Any CPU.ActiveCfg = Release|Any CPU
		{C2AA073F-DBE9-4A33-819C-3AAAE20199FE}.Release|Any CPU.Build.0 = Release|Any CPU
		{B15C5389-27CD-4A0D-BE11-EFBE5DE402B0}.Debug|Any CPU.ActiveCfg = Debug|Any CPU
		{B15C5389-27CD-4A0D-BE11-EFBE5DE402B0}.Debug|Any CPU.Build.0 = Debug|Any CPU
		{B15C5389-27CD-4A0D-BE11-EFBE5DE402B0}.Release|Any CPU.ActiveCfg = Release|Any CPU
		{B15C5389-27CD-4A0D-BE11-EFBE5DE402B0}.Release|Any CPU.Build.0 = Release|Any CPU
		{4B6796F5-7B3F-4C24-BB19-D8C518762DEF}.Debug|Any CPU.ActiveCfg = Debug|Any CPU
		{4B6796F5-7B3F-4C24-BB19-D8C518762DEF}.Debug|Any CPU.Build.0 = Debug|Any CPU
		{4B6796F5-7B3F-4C24-BB19-D8C518762DEF}.Release|Any CPU.ActiveCfg = Release|Any CPU
		{4B6796F5-7B3F-4C24-BB19-D8C518762DEF}.Release|Any CPU.Build.0 = Release|Any CPU
		{2ED7992B-4E06-42C7-9841-C2C02B1C54A5}.Debug|Any CPU.ActiveCfg = Debug|Any CPU
		{2ED7992B-4E06-42C7-9841-C2C02B1C54A5}.Debug|Any CPU.Build.0 = Debug|Any CPU
		{2ED7992B-4E06-42C7-9841-C2C02B1C54A5}.Release|Any CPU.ActiveCfg = Release|Any CPU
		{2ED7992B-4E06-42C7-9841-C2C02B1C54A5}.Release|Any CPU.Build.0 = Release|Any CPU
		{18D9D958-7D04-49DD-A26D-02D7DD7E33C2}.Debug|Any CPU.ActiveCfg = Debug|Any CPU
		{18D9D958-7D04-49DD-A26D-02D7DD7E33C2}.Debug|Any CPU.Build.0 = Debug|Any CPU
		{18D9D958-7D04-49DD-A26D-02D7DD7E33C2}.Release|Any CPU.ActiveCfg = Release|Any CPU
		{18D9D958-7D04-49DD-A26D-02D7DD7E33C2}.Release|Any CPU.Build.0 = Release|Any CPU
		{D38BAFE9-21F3-45B4-8636-2668B50DD38F}.Debug|Any CPU.ActiveCfg = Debug|Any CPU
		{D38BAFE9-21F3-45B4-8636-2668B50DD38F}.Debug|Any CPU.Build.0 = Debug|Any CPU
		{D38BAFE9-21F3-45B4-8636-2668B50DD38F}.Release|Any CPU.ActiveCfg = Release|Any CPU
		{D38BAFE9-21F3-45B4-8636-2668B50DD38F}.Release|Any CPU.Build.0 = Release|Any CPU
		{D5EDB79C-AA7E-4771-BA9B-8543CE78608F}.Debug|Any CPU.ActiveCfg = Debug|Any CPU
		{D5EDB79C-AA7E-4771-BA9B-8543CE78608F}.Debug|Any CPU.Build.0 = Debug|Any CPU
		{D5EDB79C-AA7E-4771-BA9B-8543CE78608F}.Release|Any CPU.ActiveCfg = Release|Any CPU
		{D5EDB79C-AA7E-4771-BA9B-8543CE78608F}.Release|Any CPU.Build.0 = Release|Any CPU
		{EA99095A-566A-4B1D-80F9-5995119CD06A}.Debug|Any CPU.ActiveCfg = Debug|Any CPU
		{EA99095A-566A-4B1D-80F9-5995119CD06A}.Debug|Any CPU.Build.0 = Debug|Any CPU
		{EA99095A-566A-4B1D-80F9-5995119CD06A}.Release|Any CPU.ActiveCfg = Release|Any CPU
		{EA99095A-566A-4B1D-80F9-5995119CD06A}.Release|Any CPU.Build.0 = Release|Any CPU
		{5FE5E765-523D-4EC5-A0F7-588490F8CCD1}.Debug|Any CPU.ActiveCfg = Debug|Any CPU
		{5FE5E765-523D-4EC5-A0F7-588490F8CCD1}.Debug|Any CPU.Build.0 = Debug|Any CPU
		{5FE5E765-523D-4EC5-A0F7-588490F8CCD1}.Release|Any CPU.ActiveCfg = Release|Any CPU
		{5FE5E765-523D-4EC5-A0F7-588490F8CCD1}.Release|Any CPU.Build.0 = Release|Any CPU
		{975934F9-93F6-4337-AB44-C843289CF22E}.Debug|Any CPU.ActiveCfg = Debug|Any CPU
		{975934F9-93F6-4337-AB44-C843289CF22E}.Debug|Any CPU.Build.0 = Debug|Any CPU
		{975934F9-93F6-4337-AB44-C843289CF22E}.Release|Any CPU.ActiveCfg = Release|Any CPU
		{975934F9-93F6-4337-AB44-C843289CF22E}.Release|Any CPU.Build.0 = Release|Any CPU
		{E64A593B-6C99-4EF3-83F2-F3375F65F3D3}.Debug|Any CPU.ActiveCfg = Debug|Any CPU
		{E64A593B-6C99-4EF3-83F2-F3375F65F3D3}.Debug|Any CPU.Build.0 = Debug|Any CPU
		{E64A593B-6C99-4EF3-83F2-F3375F65F3D3}.Release|Any CPU.ActiveCfg = Release|Any CPU
		{E64A593B-6C99-4EF3-83F2-F3375F65F3D3}.Release|Any CPU.Build.0 = Release|Any CPU
		{12821899-7911-4CFE-81F4-4BEFB110F214}.Debug|Any CPU.ActiveCfg = Debug|Any CPU
		{12821899-7911-4CFE-81F4-4BEFB110F214}.Debug|Any CPU.Build.0 = Debug|Any CPU
		{12821899-7911-4CFE-81F4-4BEFB110F214}.Release|Any CPU.ActiveCfg = Release|Any CPU
		{12821899-7911-4CFE-81F4-4BEFB110F214}.Release|Any CPU.Build.0 = Release|Any CPU
		{8475EA2F-F376-4946-BE0E-20D1332B1B42}.Debug|Any CPU.ActiveCfg = Debug|Any CPU
		{8475EA2F-F376-4946-BE0E-20D1332B1B42}.Debug|Any CPU.Build.0 = Debug|Any CPU
		{8475EA2F-F376-4946-BE0E-20D1332B1B42}.Release|Any CPU.ActiveCfg = Release|Any CPU
		{8475EA2F-F376-4946-BE0E-20D1332B1B42}.Release|Any CPU.Build.0 = Release|Any CPU
		{9987F6A7-3ABB-40E2-B76B-CCEA9693392A}.Debug|Any CPU.ActiveCfg = Debug|Any CPU
		{9987F6A7-3ABB-40E2-B76B-CCEA9693392A}.Debug|Any CPU.Build.0 = Debug|Any CPU
		{9987F6A7-3ABB-40E2-B76B-CCEA9693392A}.Release|Any CPU.ActiveCfg = Release|Any CPU
		{9987F6A7-3ABB-40E2-B76B-CCEA9693392A}.Release|Any CPU.Build.0 = Release|Any CPU
		{DCFFF33B-ACE1-4E26-8BEC-0A54B1DE7A16}.Debug|Any CPU.ActiveCfg = Debug|Any CPU
		{DCFFF33B-ACE1-4E26-8BEC-0A54B1DE7A16}.Debug|Any CPU.Build.0 = Debug|Any CPU
		{DCFFF33B-ACE1-4E26-8BEC-0A54B1DE7A16}.Release|Any CPU.ActiveCfg = Release|Any CPU
		{DCFFF33B-ACE1-4E26-8BEC-0A54B1DE7A16}.Release|Any CPU.Build.0 = Release|Any CPU
		{84103D8E-5EC7-4C53-986D-4859E271962E}.Debug|Any CPU.ActiveCfg = Debug|Any CPU
		{84103D8E-5EC7-4C53-986D-4859E271962E}.Debug|Any CPU.Build.0 = Debug|Any CPU
		{84103D8E-5EC7-4C53-986D-4859E271962E}.Release|Any CPU.ActiveCfg = Release|Any CPU
		{84103D8E-5EC7-4C53-986D-4859E271962E}.Release|Any CPU.Build.0 = Release|Any CPU
		{7D83B269-43BC-4E0E-81EC-69E4C2212FE3}.Debug|Any CPU.ActiveCfg = Debug|Any CPU
		{7D83B269-43BC-4E0E-81EC-69E4C2212FE3}.Debug|Any CPU.Build.0 = Debug|Any CPU
		{7D83B269-43BC-4E0E-81EC-69E4C2212FE3}.Release|Any CPU.ActiveCfg = Release|Any CPU
		{7D83B269-43BC-4E0E-81EC-69E4C2212FE3}.Release|Any CPU.Build.0 = Release|Any CPU
		{63189A0D-1C09-40CE-A7ED-2D06F077019B}.Debug|Any CPU.ActiveCfg = Debug|Any CPU
		{63189A0D-1C09-40CE-A7ED-2D06F077019B}.Debug|Any CPU.Build.0 = Debug|Any CPU
		{63189A0D-1C09-40CE-A7ED-2D06F077019B}.Release|Any CPU.ActiveCfg = Release|Any CPU
		{63189A0D-1C09-40CE-A7ED-2D06F077019B}.Release|Any CPU.Build.0 = Release|Any CPU
		{E6A56DA8-30CE-443C-BDC6-D77D00F31B41}.Debug|Any CPU.ActiveCfg = Debug|Any CPU
		{E6A56DA8-30CE-443C-BDC6-D77D00F31B41}.Debug|Any CPU.Build.0 = Debug|Any CPU
		{E6A56DA8-30CE-443C-BDC6-D77D00F31B41}.Release|Any CPU.ActiveCfg = Release|Any CPU
		{E6A56DA8-30CE-443C-BDC6-D77D00F31B41}.Release|Any CPU.Build.0 = Release|Any CPU
		{1963F437-5A9A-41BF-AB69-9DA4DEBA4F20}.Debug|Any CPU.ActiveCfg = Debug|Any CPU
		{1963F437-5A9A-41BF-AB69-9DA4DEBA4F20}.Debug|Any CPU.Build.0 = Debug|Any CPU
		{1963F437-5A9A-41BF-AB69-9DA4DEBA4F20}.Release|Any CPU.ActiveCfg = Release|Any CPU
		{1963F437-5A9A-41BF-AB69-9DA4DEBA4F20}.Release|Any CPU.Build.0 = Release|Any CPU
		{0BF0C522-F402-4DEB-A9ED-1D580E1D67BE}.Debug|Any CPU.ActiveCfg = Debug|Any CPU
		{0BF0C522-F402-4DEB-A9ED-1D580E1D67BE}.Debug|Any CPU.Build.0 = Debug|Any CPU
		{0BF0C522-F402-4DEB-A9ED-1D580E1D67BE}.Release|Any CPU.ActiveCfg = Release|Any CPU
		{0BF0C522-F402-4DEB-A9ED-1D580E1D67BE}.Release|Any CPU.Build.0 = Release|Any CPU
		{9B91DFC6-49BE-483B-AE69-C33A2A8CEF15}.Debug|Any CPU.ActiveCfg = Debug|Any CPU
		{9B91DFC6-49BE-483B-AE69-C33A2A8CEF15}.Debug|Any CPU.Build.0 = Debug|Any CPU
		{9B91DFC6-49BE-483B-AE69-C33A2A8CEF15}.Release|Any CPU.ActiveCfg = Release|Any CPU
		{9B91DFC6-49BE-483B-AE69-C33A2A8CEF15}.Release|Any CPU.Build.0 = Release|Any CPU
		{062E2B29-3838-45BE-99C3-C3AB330ED3A1}.Debug|Any CPU.ActiveCfg = Debug|Any CPU
		{062E2B29-3838-45BE-99C3-C3AB330ED3A1}.Debug|Any CPU.Build.0 = Debug|Any CPU
		{062E2B29-3838-45BE-99C3-C3AB330ED3A1}.Release|Any CPU.ActiveCfg = Release|Any CPU
		{062E2B29-3838-45BE-99C3-C3AB330ED3A1}.Release|Any CPU.Build.0 = Release|Any CPU
		{15073C2E-04E8-40D8-BFC5-113774548036}.Debug|Any CPU.ActiveCfg = Debug|Any CPU
		{15073C2E-04E8-40D8-BFC5-113774548036}.Debug|Any CPU.Build.0 = Debug|Any CPU
		{15073C2E-04E8-40D8-BFC5-113774548036}.Release|Any CPU.ActiveCfg = Release|Any CPU
		{15073C2E-04E8-40D8-BFC5-113774548036}.Release|Any CPU.Build.0 = Release|Any CPU
		{67770490-33BB-4342-A215-96E51A6FF8DA}.Debug|Any CPU.ActiveCfg = Debug|Any CPU
		{67770490-33BB-4342-A215-96E51A6FF8DA}.Debug|Any CPU.Build.0 = Debug|Any CPU
		{67770490-33BB-4342-A215-96E51A6FF8DA}.Release|Any CPU.ActiveCfg = Release|Any CPU
		{67770490-33BB-4342-A215-96E51A6FF8DA}.Release|Any CPU.Build.0 = Release|Any CPU
		{CDDA6AC8-9821-45F4-B13B-DC324FC40D7F}.Debug|Any CPU.ActiveCfg = Debug|Any CPU
		{CDDA6AC8-9821-45F4-B13B-DC324FC40D7F}.Debug|Any CPU.Build.0 = Debug|Any CPU
		{CDDA6AC8-9821-45F4-B13B-DC324FC40D7F}.Release|Any CPU.ActiveCfg = Release|Any CPU
		{CDDA6AC8-9821-45F4-B13B-DC324FC40D7F}.Release|Any CPU.Build.0 = Release|Any CPU
		{37FF70EA-FA39-43E3-9115-49D7D0E0272A}.Debug|Any CPU.ActiveCfg = Debug|Any CPU
		{37FF70EA-FA39-43E3-9115-49D7D0E0272A}.Debug|Any CPU.Build.0 = Debug|Any CPU
		{37FF70EA-FA39-43E3-9115-49D7D0E0272A}.Release|Any CPU.ActiveCfg = Release|Any CPU
		{37FF70EA-FA39-43E3-9115-49D7D0E0272A}.Release|Any CPU.Build.0 = Release|Any CPU
		{C537B0DA-8854-4AB1-A0FD-1FB210221B7E}.Debug|Any CPU.ActiveCfg = Debug|Any CPU
		{C537B0DA-8854-4AB1-A0FD-1FB210221B7E}.Debug|Any CPU.Build.0 = Debug|Any CPU
		{C537B0DA-8854-4AB1-A0FD-1FB210221B7E}.Release|Any CPU.ActiveCfg = Release|Any CPU
		{C537B0DA-8854-4AB1-A0FD-1FB210221B7E}.Release|Any CPU.Build.0 = Release|Any CPU
		{0AF49DD2-305C-4F93-9583-8D9C9E4B6E8C}.Debug|Any CPU.ActiveCfg = Debug|Any CPU
		{0AF49DD2-305C-4F93-9583-8D9C9E4B6E8C}.Debug|Any CPU.Build.0 = Debug|Any CPU
		{0AF49DD2-305C-4F93-9583-8D9C9E4B6E8C}.Release|Any CPU.ActiveCfg = Release|Any CPU
		{0AF49DD2-305C-4F93-9583-8D9C9E4B6E8C}.Release|Any CPU.Build.0 = Release|Any CPU
		{9FBCAA4E-D63F-46AE-8023-B5251FDAD298}.Debug|Any CPU.ActiveCfg = Debug|Any CPU
		{9FBCAA4E-D63F-46AE-8023-B5251FDAD298}.Debug|Any CPU.Build.0 = Debug|Any CPU
		{9FBCAA4E-D63F-46AE-8023-B5251FDAD298}.Release|Any CPU.ActiveCfg = Release|Any CPU
		{9FBCAA4E-D63F-46AE-8023-B5251FDAD298}.Release|Any CPU.Build.0 = Release|Any CPU
		{9EE683FC-F88A-4B60-8184-11C878E3C5F5}.Debug|Any CPU.ActiveCfg = Debug|Any CPU
		{9EE683FC-F88A-4B60-8184-11C878E3C5F5}.Debug|Any CPU.Build.0 = Debug|Any CPU
		{9EE683FC-F88A-4B60-8184-11C878E3C5F5}.Release|Any CPU.ActiveCfg = Release|Any CPU
		{9EE683FC-F88A-4B60-8184-11C878E3C5F5}.Release|Any CPU.Build.0 = Release|Any CPU
		{0820D97A-B4A8-41D2-8931-6E963D078EE9}.Debug|Any CPU.ActiveCfg = Debug|Any CPU
		{0820D97A-B4A8-41D2-8931-6E963D078EE9}.Debug|Any CPU.Build.0 = Debug|Any CPU
		{0820D97A-B4A8-41D2-8931-6E963D078EE9}.Release|Any CPU.ActiveCfg = Release|Any CPU
		{0820D97A-B4A8-41D2-8931-6E963D078EE9}.Release|Any CPU.Build.0 = Release|Any CPU
	EndGlobalSection
	GlobalSection(SolutionProperties) = preSolution
		HideSolutionNode = FALSE
	EndGlobalSection
	GlobalSection(NestedProjects) = preSolution
		{8ECD4BD6-7E16-4901-B645-C1212DB4093B} = {09977C26-F04E-4BF4-855B-E39F113E6A59}
		{A1CD5949-AD67-457B-9953-6C9281F08574} = {EA585271-6C78-4DFA-8100-6798217A088F}
		{94E3DBBF-2FEF-4CF1-8BC8-DA22F4ECF66E} = {731613A2-A138-4FCF-BD65-821E09A79A43}
		{BE8CBD7F-7508-49E2-B9CE-59EFF895AF40} = {731613A2-A138-4FCF-BD65-821E09A79A43}
		{C2AA073F-DBE9-4A33-819C-3AAAE20199FE} = {731613A2-A138-4FCF-BD65-821E09A79A43}
		{B15C5389-27CD-4A0D-BE11-EFBE5DE402B0} = {731613A2-A138-4FCF-BD65-821E09A79A43}
		{4B6796F5-7B3F-4C24-BB19-D8C518762DEF} = {AB4EA02F-2D66-4010-B2A7-9E3D7359D52C}
		{2ED7992B-4E06-42C7-9841-C2C02B1C54A5} = {AB4EA02F-2D66-4010-B2A7-9E3D7359D52C}
		{18D9D958-7D04-49DD-A26D-02D7DD7E33C2} = {AB4EA02F-2D66-4010-B2A7-9E3D7359D52C}
		{D38BAFE9-21F3-45B4-8636-2668B50DD38F} = {68952E9F-30D9-48BF-A895-DFE37340E6A3}
		{D5EDB79C-AA7E-4771-BA9B-8543CE78608F} = {68952E9F-30D9-48BF-A895-DFE37340E6A3}
		{EA99095A-566A-4B1D-80F9-5995119CD06A} = {68952E9F-30D9-48BF-A895-DFE37340E6A3}
		{5FE5E765-523D-4EC5-A0F7-588490F8CCD1} = {68952E9F-30D9-48BF-A895-DFE37340E6A3}
		{975934F9-93F6-4337-AB44-C843289CF22E} = {68952E9F-30D9-48BF-A895-DFE37340E6A3}
		{E64A593B-6C99-4EF3-83F2-F3375F65F3D3} = {68952E9F-30D9-48BF-A895-DFE37340E6A3}
		{12821899-7911-4CFE-81F4-4BEFB110F214} = {E661E741-E815-468B-9CFB-85161A4E2954}
		{8475EA2F-F376-4946-BE0E-20D1332B1B42} = {E661E741-E815-468B-9CFB-85161A4E2954}
		{9987F6A7-3ABB-40E2-B76B-CCEA9693392A} = {E661E741-E815-468B-9CFB-85161A4E2954}
		{DCFFF33B-ACE1-4E26-8BEC-0A54B1DE7A16} = {D7A9AC6E-FE43-4193-A99B-D18AEC8E452E}
		{84103D8E-5EC7-4C53-986D-4859E271962E} = {D7A9AC6E-FE43-4193-A99B-D18AEC8E452E}
		{7D83B269-43BC-4E0E-81EC-69E4C2212FE3} = {A0F568C6-3A94-4FDF-9AE6-1866FA7230D3}
		{63189A0D-1C09-40CE-A7ED-2D06F077019B} = {A0F568C6-3A94-4FDF-9AE6-1866FA7230D3}
		{E6A56DA8-30CE-443C-BDC6-D77D00F31B41} = {A0F568C6-3A94-4FDF-9AE6-1866FA7230D3}
		{1963F437-5A9A-41BF-AB69-9DA4DEBA4F20} = {8F34D2D7-194E-4704-A12E-5A7FC10440A5}
		{0BF0C522-F402-4DEB-A9ED-1D580E1D67BE} = {764A06CC-0D08-49C7-89BC-6E6E3E708AF6}
		{9B91DFC6-49BE-483B-AE69-C33A2A8CEF15} = {B8729A96-967E-405E-A984-3939C24E0E85}
		{062E2B29-3838-45BE-99C3-C3AB330ED3A1} = {8E48EA12-730C-4787-B9BA-E5FB8BD36912}
		{15073C2E-04E8-40D8-BFC5-113774548036} = {70400110-1CDD-4A5E-9A88-A1BAC23549C1}
		{67770490-33BB-4342-A215-96E51A6FF8DA} = {43E2B129-438A-4B3C-8ED5-FCD26CB4454C}
		{CDDA6AC8-9821-45F4-B13B-DC324FC40D7F} = {61F2E840-924A-4036-B3E1-810848057DA5}
		{37FF70EA-FA39-43E3-9115-49D7D0E0272A} = {977DB696-6BFB-44DA-A2B8-B2A29E90CD7E}
		{C537B0DA-8854-4AB1-A0FD-1FB210221B7E} = {977DB696-6BFB-44DA-A2B8-B2A29E90CD7E}
		{0AF49DD2-305C-4F93-9583-8D9C9E4B6E8C} = {CA71D18E-0A53-48A5-9985-92BBFBE3AE6B}
		{9FBCAA4E-D63F-46AE-8023-B5251FDAD298} = {F5516E1B-4E7B-4F07-8B8D-B3BEF971E21F}
		{9EE683FC-F88A-4B60-8184-11C878E3C5F5} = {55508480-D3BB-4D47-8D3D-27D47E97CC7A}
		{0820D97A-B4A8-41D2-8931-6E963D078EE9} = {D0C88434-8EE5-41F3-BC84-FDCA7193B9E5}
	EndGlobalSection
	GlobalSection(ExtensibilityGlobals) = postSolution
		SolutionGuid = {45413D3D-C39D-4FD6-AEFA-F9E203AF0A6A}
	EndGlobalSection
EndGlobal
